
Microsoft Visual Studio Solution File, Format Version 12.00
# Visual Studio Version 17
VisualStudioVersion = 17.8.34330.188
MinimumVisualStudioVersion = 10.0.40219.1
Project("{FAE04EC0-301F-11D3-BF4B-00C04F79EFBC}") = "UpravljackaPloca", "UpravljackaPloca\UpravljackaPloca.csproj", "{3A86CA24-7832-4B7A-914B-A63D4A033536}"
EndProject
Project("{FAE04EC0-301F-11D3-BF4B-00C04F79EFBC}") = "TeachersProjects", "TeachersProjects\TeachersProjects.csproj", "{D62136F3-E15E-4A94-87AA-79C72CF41BD7}"
EndProject
Project("{FAE04EC0-301F-11D3-BF4B-00C04F79EFBC}") = "NogometniSusret", "NogometniSusret\NogometniSusret.csproj", "{B060056C-0564-4F78-B47D-D37F97C6020F}"
EndProject
Project("{FAE04EC0-301F-11D3-BF4B-00C04F79EFBC}") = "DigitalnaBrava", "DigitalnaBrava\DigitalnaBrava.csproj", "{0902D6DB-C9D7-4AB2-9E0A-3E820D00DFB3}"
EndProject
Global
	GlobalSection(SolutionConfigurationPlatforms) = preSolution
		Debug|Any CPU = Debug|Any CPU
		Release|Any CPU = Release|Any CPU
	EndGlobalSection
	GlobalSection(ProjectConfigurationPlatforms) = postSolution
		{3A86CA24-7832-4B7A-914B-A63D4A033536}.Debug|Any CPU.ActiveCfg = Debug|Any CPU
		{3A86CA24-7832-4B7A-914B-A63D4A033536}.Debug|Any CPU.Build.0 = Debug|Any CPU
		{3A86CA24-7832-4B7A-914B-A63D4A033536}.Release|Any CPU.ActiveCfg = Release|Any CPU
		{3A86CA24-7832-4B7A-914B-A63D4A033536}.Release|Any CPU.Build.0 = Release|Any CPU
		{D62136F3-E15E-4A94-87AA-79C72CF41BD7}.Debug|Any CPU.ActiveCfg = Debug|Any CPU
		{D62136F3-E15E-4A94-87AA-79C72CF41BD7}.Debug|Any CPU.Build.0 = Debug|Any CPU
		{D62136F3-E15E-4A94-87AA-79C72CF41BD7}.Release|Any CPU.ActiveCfg = Release|Any CPU
		{D62136F3-E15E-4A94-87AA-79C72CF41BD7}.Release|Any CPU.Build.0 = Release|Any CPU
		{B060056C-0564-4F78-B47D-D37F97C6020F}.Debug|Any CPU.ActiveCfg = Debug|Any CPU
		{B060056C-0564-4F78-B47D-D37F97C6020F}.Debug|Any CPU.Build.0 = Debug|Any CPU
		{B060056C-0564-4F78-B47D-D37F97C6020F}.Release|Any CPU.ActiveCfg = Release|Any CPU
		{B060056C-0564-4F78-B47D-D37F97C6020F}.Release|Any CPU.Build.0 = Release|Any CPU
		{0902D6DB-C9D7-4AB2-9E0A-3E820D00DFB3}.Debug|Any CPU.ActiveCfg = Debug|Any CPU
		{0902D6DB-C9D7-4AB2-9E0A-3E820D00DFB3}.Debug|Any CPU.Build.0 = Debug|Any CPU
		{0902D6DB-C9D7-4AB2-9E0A-3E820D00DFB3}.Release|Any CPU.ActiveCfg = Release|Any CPU
		{0902D6DB-C9D7-4AB2-9E0A-3E820D00DFB3}.Release|Any CPU.Build.0 = Release|Any CPU
	EndGlobalSection
	GlobalSection(SolutionProperties) = preSolution
		HideSolutionNode = FALSE
	EndGlobalSection
	GlobalSection(ExtensibilityGlobals) = postSolution
		SolutionGuid = {1E01AEF2-7EDC-491E-8F2A-F51498053952}
	EndGlobalSection
EndGlobal
